<?xml version="1.0" encoding="utf-8"?>
<Project ToolsVersion="4.0" xmlns="http://schemas.microsoft.com/developer/msbuild/2003">
  <ItemGroup>
    <Filter Include="Source Files">
      <UniqueIdentifier>{4FC737F1-C7A5-4376-A066-2A32D752A2FF}</UniqueIdentifier>
      <Extensions>cpp;c;cc;cxx;def;odl;idl;hpj;bat;asm;asmx</Extensions>
    </Filter>
    <Filter Include="Header Files">
      <UniqueIdentifier>{93995380-89BD-4b04-88EB-625FBE52EBFB}</UniqueIdentifier>
      <Extensions>h;hh;hpp;hxx;hm;inl;inc;ipp;xsd</Extensions>
    </Filter>
    <Filter Include="Resource Files">
      <UniqueIdentifier>{67DA6AB6-F800-4c08-8B7A-83BB121AAD01}</UniqueIdentifier>
      <Extensions>rc;ico;cur;bmp;dlg;rc2;rct;bin;rgs;gif;jpg;jpeg;jpe;resx;tiff;tif;png;wav;mfcribbon-ms</Extensions>
    </Filter>
  </ItemGroup>
  <ItemGroup>
    <ClInclude Include="Src\stdafx.h">
      <Filter>Header Files</Filter>
    </ClInclude>
    <ClInclude Include="Src\targetver.h">
      <Filter>Header Files</Filter>
    </ClInclude>
    <ClInclude Include="Src\HM5\HM5Module.h">
      <Filter>Header Files</Filter>
    </ClInclude>
    <ClInclude Include="Src\HM5\HM5Pointers.h">
      <Filter>Header Files</Filter>
    </ClInclude>
    <ClInclude Include="Src\HM5\Structs\TMap.h">
      <Filter>Header Files</Filter>
    </ClInclude>
    <ClInclude Include="Src\HM5\Structs\ZAIGameState.h">
      <Filter>Header Files</Filter>
    </ClInclude>
    <ClInclude Include="Src\HM5\HM5PinHandler.h">
      <Filter>Header Files</Filter>
    </ClInclude>
    <ClInclude Include="Src\HM5\HM5Hooks.h">
      <Filter>Header Files</Filter>
    </ClInclude>
    <ClInclude Include="Src\HM5\Structs\ZEntity.h">
      <Filter>Header Files</Filter>
    </ClInclude>
    <ClInclude Include="Src\HM5\Structs\Reflection.h">
      <Filter>Header Files</Filter>
    </ClInclude>
    <ClInclude Include="Src\HM5\Structs\ZString.h">
      <Filter>Header Files</Filter>
    </ClInclude>
    <ClInclude Include="Src\HM5\Structs\ZObject.h">
      <Filter>Header Files</Filter>
    </ClInclude>
    <ClInclude Include="Src\HM5\Structs\ZGameStats.h">
      <Filter>Header Files</Filter>
    </ClInclude>
    <ClInclude Include="Src\HM5\Structs\ZTypeRegistry.h">
      <Filter>Header Files</Filter>
    </ClInclude>
    <ClInclude Include="Src\HM5\Structs\THashMap.h">
      <Filter>Header Files</Filter>
    </ClInclude>
    <ClInclude Include="Src\HM5\Structs\TPair.h">
      <Filter>Header Files</Filter>
    </ClInclude>
    <ClInclude Include="Src\HM5\HM5Generator.h">
      <Filter>Header Files</Filter>
    </ClInclude>
    <ClInclude Include="Src\HM5\Structs\TArray.h">
      <Filter>Header Files</Filter>
    </ClInclude>
    <ClInclude Include="Src\HM5\Structs\ZGameTime.h">
      <Filter>Header Files</Filter>
    </ClInclude>
    <ClInclude Include="Src\HM5\Structs\ZModule.h">
      <Filter>Header Files</Filter>
    </ClInclude>
    <ClInclude Include="Src\HM5\Structs\ZScene.h">
      <Filter>Header Files</Filter>
    </ClInclude>
    <ClInclude Include="Src\HM5\Structs\ZResourceID.h">
      <Filter>Header Files</Filter>
    </ClInclude>
    <ClInclude Include="Src\HM5\Structs\ZHttp.h">
      <Filter>Header Files</Filter>
    </ClInclude>
    <ClInclude Include="Src\HM5\Structs\ZGameContext.h">
      <Filter>Header Files</Filter>
    </ClInclude>
  </ItemGroup>
  <ItemGroup>
    <ClCompile Include="Src\Entry.cpp">
      <Filter>Source Files</Filter>
    </ClCompile>
    <ClCompile Include="Src\HM5\HM5Module.cpp">
      <Filter>Source Files</Filter>
    </ClCompile>
    <ClCompile Include="Src\HM5\HM5Pointers.cpp">
      <Filter>Source Files</Filter>
    </ClCompile>
    <ClCompile Include="Src\HM5\HM5PinHandler.cpp">
      <Filter>Source Files</Filter>
    </ClCompile>
    <ClCompile Include="Src\HM5\HM5PinRegistry.cpp">
      <Filter>Source Files</Filter>
    </ClCompile>
    <ClCompile Include="Src\HM5\HM5Hooks.cpp">
      <Filter>Source Files</Filter>
    </ClCompile>
    <ClCompile Include="Src\HM5\Hooks\Scripting.cpp">
      <Filter>Source Files</Filter>
    </ClCompile>
    <ClCompile Include="Src\HM5\HM5Generator.cpp">
      <Filter>Source Files</Filter>
    </ClCompile>
    <ClCompile Include="Src\HM5\Hooks\Network.cpp">
      <Filter>Source Files</Filter>
    </ClCompile>
    <ClCompile Include="Src\HM5\Hooks\Scenes.cpp">
      <Filter>Source Files</Filter>
    </ClCompile>
    <ClCompile Include="Src\HM5\Structs\ZObject.cpp">
      <Filter>Source Files</Filter>
    </ClCompile>
  </ItemGroup>
</Project>