
Microsoft Visual Studio Solution File, Format Version 12.00
# Visual Studio 2013
VisualStudioVersion = 12.0.40418.0
MinimumVisualStudioVersion = 10.0.40219.1
Project("{FAE04EC0-301F-11D3-BF4B-00C04F79EFBC}") = "Statman", "Statman\Statman.csproj", "{4591C6E1-EB82-4541-8172-E13B8B42714D}"
	ProjectSection(ProjectDependencies) = postProject
		{8883C6D6-7617-4348-9EF9-FEB10EEC973F} = {8883C6D6-7617-4348-9EF9-FEB10EEC973F}
	EndProjectSection
EndProject
Project("{2150E333-8FDC-42A3-9474-1A3956D46DE8}") = "StatModules", "StatModules", "{D6C3F035-AD14-4900-9535-2969187B3EE9}"
EndProject
Project("{8BC9CEB8-8B4A-11D0-8D11-00A0C91BC942}") = "H3", "StatModules\H3\H3.vcxproj", "{8883C6D6-7617-4348-9EF9-FEB10EEC973F}"
	ProjectSection(ProjectDependencies) = postProject
		{0C56D79B-3F95-4EDF-BEE1-1C74E259B81E} = {0C56D79B-3F95-4EDF-BEE1-1C74E259B81E}
	EndProjectSection
EndProject
Project("{2150E333-8FDC-42A3-9474-1A3956D46DE8}") = "Libraries", "Libraries", "{AF71E834-7961-4865-A96C-85B582C8DEB2}"
EndProject
Project("{8BC9CEB8-8B4A-11D0-8D11-00A0C91BC942}") = "Pipeman", "Libraries\Pipeman\Pipeman.vcxproj", "{0C56D79B-3F95-4EDF-BEE1-1C74E259B81E}"
EndProject
Global
	GlobalSection(SolutionConfigurationPlatforms) = preSolution
		Debug|Mixed Platforms = Debug|Mixed Platforms
		Debug|Win32 = Debug|Win32
		Debug|x86 = Debug|x86
		Release|Mixed Platforms = Release|Mixed Platforms
		Release|Win32 = Release|Win32
		Release|x86 = Release|x86
	EndGlobalSection
	GlobalSection(ProjectConfigurationPlatforms) = postSolution
		{4591C6E1-EB82-4541-8172-E13B8B42714D}.Debug|Mixed Platforms.ActiveCfg = Debug|x86
		{4591C6E1-EB82-4541-8172-E13B8B42714D}.Debug|Mixed Platforms.Build.0 = Debug|x86
		{4591C6E1-EB82-4541-8172-E13B8B42714D}.Debug|Win32.ActiveCfg = Debug|x86
		{4591C6E1-EB82-4541-8172-E13B8B42714D}.Debug|Win32.Build.0 = Debug|x86
		{4591C6E1-EB82-4541-8172-E13B8B42714D}.Debug|x86.ActiveCfg = Debug|x86
		{4591C6E1-EB82-4541-8172-E13B8B42714D}.Debug|x86.Build.0 = Debug|x86
		{4591C6E1-EB82-4541-8172-E13B8B42714D}.Release|Mixed Platforms.ActiveCfg = Release|x86
		{4591C6E1-EB82-4541-8172-E13B8B42714D}.Release|Mixed Platforms.Build.0 = Release|x86
		{4591C6E1-EB82-4541-8172-E13B8B42714D}.Release|Win32.ActiveCfg = Release|x86
		{4591C6E1-EB82-4541-8172-E13B8B42714D}.Release|Win32.Build.0 = Release|x86
		{4591C6E1-EB82-4541-8172-E13B8B42714D}.Release|x86.ActiveCfg = Release|x86
		{4591C6E1-EB82-4541-8172-E13B8B42714D}.Release|x86.Build.0 = Release|x86
		{8883C6D6-7617-4348-9EF9-FEB10EEC973F}.Debug|Mixed Platforms.ActiveCfg = Debug|Win32
		{8883C6D6-7617-4348-9EF9-FEB10EEC973F}.Debug|Mixed Platforms.Build.0 = Debug|Win32
		{8883C6D6-7617-4348-9EF9-FEB10EEC973F}.Debug|Win32.ActiveCfg = Debug|Win32
		{8883C6D6-7617-4348-9EF9-FEB10EEC973F}.Debug|Win32.Build.0 = Debug|Win32
		{8883C6D6-7617-4348-9EF9-FEB10EEC973F}.Debug|x86.ActiveCfg = Debug|Win32
		{8883C6D6-7617-4348-9EF9-FEB10EEC973F}.Debug|x86.Build.0 = Debug|Win32
		{8883C6D6-7617-4348-9EF9-FEB10EEC973F}.Release|Mixed Platforms.ActiveCfg = Release|Win32
		{8883C6D6-7617-4348-9EF9-FEB10EEC973F}.Release|Mixed Platforms.Build.0 = Release|Win32
		{8883C6D6-7617-4348-9EF9-FEB10EEC973F}.Release|Win32.ActiveCfg = Release|Win32
		{8883C6D6-7617-4348-9EF9-FEB10EEC973F}.Release|Win32.Build.0 = Release|Win32
		{8883C6D6-7617-4348-9EF9-FEB10EEC973F}.Release|x86.ActiveCfg = Release|Win32
		{8883C6D6-7617-4348-9EF9-FEB10EEC973F}.Release|x86.Build.0 = Release|Win32
		{0C56D79B-3F95-4EDF-BEE1-1C74E259B81E}.Debug|Mixed Platforms.ActiveCfg = Debug|Win32
		{0C56D79B-3F95-4EDF-BEE1-1C74E259B81E}.Debug|Mixed Platforms.Build.0 = Debug|Win32
		{0C56D79B-3F95-4EDF-BEE1-1C74E259B81E}.Debug|Win32.ActiveCfg = Debug|Win32
		{0C56D79B-3F95-4EDF-BEE1-1C74E259B81E}.Debug|Win32.Build.0 = Debug|Win32
		{0C56D79B-3F95-4EDF-BEE1-1C74E259B81E}.Debug|x86.ActiveCfg = Debug|Win32
		{0C56D79B-3F95-4EDF-BEE1-1C74E259B81E}.Debug|x86.Build.0 = Debug|Win32
		{0C56D79B-3F95-4EDF-BEE1-1C74E259B81E}.Release|Mixed Platforms.ActiveCfg = Release|Win32
		{0C56D79B-3F95-4EDF-BEE1-1C74E259B81E}.Release|Mixed Platforms.Build.0 = Release|Win32
		{0C56D79B-3F95-4EDF-BEE1-1C74E259B81E}.Release|Win32.ActiveCfg = Release|Win32
		{0C56D79B-3F95-4EDF-BEE1-1C74E259B81E}.Release|Win32.Build.0 = Release|Win32
		{0C56D79B-3F95-4EDF-BEE1-1C74E259B81E}.Release|x86.ActiveCfg = Release|Win32
		{0C56D79B-3F95-4EDF-BEE1-1C74E259B81E}.Release|x86.Build.0 = Release|Win32
	EndGlobalSection
	GlobalSection(SolutionProperties) = preSolution
		HideSolutionNode = FALSE
	EndGlobalSection
	GlobalSection(NestedProjects) = preSolution
		{8883C6D6-7617-4348-9EF9-FEB10EEC973F} = {D6C3F035-AD14-4900-9535-2969187B3EE9}
		{0C56D79B-3F95-4EDF-BEE1-1C74E259B81E} = {AF71E834-7961-4865-A96C-85B582C8DEB2}
	EndGlobalSection
EndGlobal
