
Microsoft Visual Studio Solution File, Format Version 12.00
# Visual Studio 2013
VisualStudioVersion = 12.0.40418.0
MinimumVisualStudioVersion = 10.0.40219.1
Project("{FAE04EC0-301F-11D3-BF4B-00C04F79EFBC}") = "Statman", "Statman.csproj", "{4591C6E1-EB82-4541-8172-E13B8B42714D}"
EndProject
Global
	GlobalSection(SolutionConfigurationPlatforms) = preSolution
		Debug|x86 = Debug|x86
		Release|x86 = Release|x86
	EndGlobalSection
	GlobalSection(ProjectConfigurationPlatforms) = postSolution
		{4591C6E1-EB82-4541-8172-E13B8B42714D}.Debug|x86.ActiveCfg = Release|x86
		{4591C6E1-EB82-4541-8172-E13B8B42714D}.Debug|x86.Build.0 = Release|x86
		{4591C6E1-EB82-4541-8172-E13B8B42714D}.Release|x86.ActiveCfg = Release|x86
		{4591C6E1-EB82-4541-8172-E13B8B42714D}.Release|x86.Build.0 = Release|x86
	EndGlobalSection
	GlobalSection(SolutionProperties) = preSolution
		HideSolutionNode = FALSE
	EndGlobalSection
EndGlobal
