<?xml version="1.0" encoding="utf-8"?>
<Project ToolsVersion="4.0" xmlns="http://schemas.microsoft.com/developer/msbuild/2003">
  <ItemGroup>
    <Filter Include="Source Files">
      <UniqueIdentifier>{4FC737F1-C7A5-4376-A066-2A32D752A2FF}</UniqueIdentifier>
      <Extensions>cpp;c;cc;cxx;def;odl;idl;hpj;bat;asm;asmx</Extensions>
    </Filter>
    <Filter Include="Header Files">
      <UniqueIdentifier>{93995380-89BD-4b04-88EB-625FBE52EBFB}</UniqueIdentifier>
      <Extensions>h;hh;hpp;hxx;hm;inl;inc;xsd</Extensions>
    </Filter>
    <Filter Include="Resource Files">
      <UniqueIdentifier>{67DA6AB6-F800-4c08-8B7A-83BB121AAD01}</UniqueIdentifier>
      <Extensions>rc;ico;cur;bmp;dlg;rc2;rct;bin;rgs;gif;jpg;jpeg;jpe;resx;tiff;tif;png;wav;mfcribbon-ms</Extensions>
    </Filter>
  </ItemGroup>
  <ItemGroup>
    <ClInclude Include="Src\stdafx.h">
      <Filter>Header Files</Filter>
    </ClInclude>
    <ClInclude Include="Src\targetver.h">
      <Filter>Header Files</Filter>
    </ClInclude>
    <ClInclude Include="Src\HM3\HM3Functions.h">
      <Filter>Header Files</Filter>
    </ClInclude>
    <ClInclude Include="Src\HM3\HM3Hooks.h">
      <Filter>Header Files</Filter>
    </ClInclude>
    <ClInclude Include="Src\HM3\HM3Pointers.h">
      <Filter>Header Files</Filter>
    </ClInclude>
    <ClInclude Include="Src\HM3\Structs\HM3NPC.h">
      <Filter>Header Files</Filter>
    </ClInclude>
    <ClInclude Include="Src\HM3\Structs\HM3Stats.h">
      <Filter>Header Files</Filter>
    </ClInclude>
    <ClInclude Include="Src\HM3\Structs\UnknownClass01.h">
      <Filter>Header Files</Filter>
    </ClInclude>
    <ClInclude Include="Src\HM3\Structs\UnknownClass02.h">
      <Filter>Header Files</Filter>
    </ClInclude>
    <ClInclude Include="Src\HM3\HM3Module.h">
      <Filter>Header Files</Filter>
    </ClInclude>
    <ClInclude Include="Src\HM3\Structs\LimitSavesElement.h">
      <Filter>Header Files</Filter>
    </ClInclude>
    <ClInclude Include="Src\HM3\Structs\GUIElement.h">
      <Filter>Header Files</Filter>
    </ClInclude>
    <ClInclude Include="Src\HM3\Structs\UnknownClass03.h">
      <Filter>Header Files</Filter>
    </ClInclude>
    <ClInclude Include="Src\HM3\Structs\UnknownClass04.h">
      <Filter>Header Files</Filter>
    </ClInclude>
    <ClInclude Include="Src\HM3\HM3Version.h">
      <Filter>Header Files</Filter>
    </ClInclude>
    <ClInclude Include="Src\HM3\Structs\UnknownClass05.h">
      <Filter>Header Files</Filter>
    </ClInclude>
  </ItemGroup>
  <ItemGroup>
    <ClCompile Include="Src\HM3\HM3Functions.cpp">
      <Filter>Source Files</Filter>
    </ClCompile>
    <ClCompile Include="Src\HM3\HM3Hooks.cpp">
      <Filter>Source Files</Filter>
    </ClCompile>
    <ClCompile Include="Src\HM3\HM3Pointers.cpp">
      <Filter>Source Files</Filter>
    </ClCompile>
    <ClCompile Include="Src\HM3\HM3Module.cpp">
      <Filter>Source Files</Filter>
    </ClCompile>
    <ClCompile Include="Src\Entry.cpp">
      <Filter>Source Files</Filter>
    </ClCompile>
    <ClCompile Include="Src\HM3\Hooks\LoadScene.cpp">
      <Filter>Source Files</Filter>
    </ClCompile>
    <ClCompile Include="Src\HM3\Hooks\UnknownUpdateFunc01.cpp">
      <Filter>Source Files</Filter>
    </ClCompile>
    <ClCompile Include="Src\HM3\Hooks\EndLevel.cpp">
      <Filter>Source Files</Filter>
    </ClCompile>
    <ClCompile Include="Src\HM3\Hooks\LimitedLives_SelectedGUIElement.cpp">
      <Filter>Source Files</Filter>
    </ClCompile>
    <ClCompile Include="Src\HM3\Hooks\UnknownClass02_NextDetectionNPC.cpp">
      <Filter>Source Files</Filter>
    </ClCompile>
    <ClCompile Include="Src\HM3\HM3Version.cpp">
      <Filter>Source Files</Filter>
    </ClCompile>
  </ItemGroup>
</Project>